// !$*UTF8*$!
{
	archiveVersion = 1;
	classes = {
	};
	objectVersion = 46;
	objects = {

/* Begin PBXBuildFile section */
		AEBC6FAB1E0DD143008BF2A0 /* AppDelegate.swift in Sources */ = {isa = PBXBuildFile; fileRef = AEBC6FAA1E0DD143008BF2A0 /* AppDelegate.swift */; };
		AEBC6FAD1E0DD143008BF2A0 /* ViewController.swift in Sources */ = {isa = PBXBuildFile; fileRef = AEBC6FAC1E0DD143008BF2A0 /* ViewController.swift */; };
		AEBC6FB01E0DD143008BF2A0 /* Main.storyboard in Resources */ = {isa = PBXBuildFile; fileRef = AEBC6FAE1E0DD143008BF2A0 /* Main.storyboard */; };
		AEBC6FB21E0DD143008BF2A0 /* Assets.xcassets in Resources */ = {isa = PBXBuildFile; fileRef = AEBC6FB11E0DD143008BF2A0 /* Assets.xcassets */; };
		AEBC6FB51E0DD143008BF2A0 /* LaunchScreen.storyboard in Resources */ = {isa = PBXBuildFile; fileRef = AEBC6FB31E0DD143008BF2A0 /* LaunchScreen.storyboard */; };
		AEBC6FBD1E0DD217008BF2A0 /* MyTableViewcontrollerTableViewController.swift in Sources */ = {isa = PBXBuildFile; fileRef = AEBC6FBC1E0DD217008BF2A0 /* MyTableViewcontrollerTableViewController.swift */; };
		AEBC6FBF1E0DD2C7008BF2A0 /* MyTableViewCell.swift in Sources */ = {isa = PBXBuildFile; fileRef = AEBC6FBE1E0DD2C7008BF2A0 /* MyTableViewCell.swift */; };
		AEBC6FC11E0DD4CD008BF2A0 /* UITableView+indexPathForView.swift in Sources */ = {isa = PBXBuildFile; fileRef = AEBC6FC01E0DD4CD008BF2A0 /* UITableView+indexPathForView.swift */; };
/* End PBXBuildFile section */

/* Begin PBXFileReference section */
		AEBC6FA71E0DD143008BF2A0 /* TableViewExtension.app */ = {isa = PBXFileReference; explicitFileType = wrapper.application; includeInIndex = 0; path = TableViewExtension.app; sourceTree = BUILT_PRODUCTS_DIR; };
		AEBC6FAA1E0DD143008BF2A0 /* AppDelegate.swift */ = {isa = PBXFileReference; lastKnownFileType = sourcecode.swift; path = AppDelegate.swift; sourceTree = "<group>"; };
		AEBC6FAC1E0DD143008BF2A0 /* ViewController.swift */ = {isa = PBXFileReference; lastKnownFileType = sourcecode.swift; path = ViewController.swift; sourceTree = "<group>"; };
		AEBC6FAF1E0DD143008BF2A0 /* Base */ = {isa = PBXFileReference; lastKnownFileType = file.storyboard; name = Base; path = Base.lproj/Main.storyboard; sourceTree = "<group>"; };
		AEBC6FB11E0DD143008BF2A0 /* Assets.xcassets */ = {isa = PBXFileReference; lastKnownFileType = folder.assetcatalog; path = Assets.xcassets; sourceTree = "<group>"; };
		AEBC6FB41E0DD143008BF2A0 /* Base */ = {isa = PBXFileReference; lastKnownFileType = file.storyboard; name = Base; path = Base.lproj/LaunchScreen.storyboard; sourceTree = "<group>"; };
		AEBC6FB61E0DD143008BF2A0 /* Info.plist */ = {isa = PBXFileReference; lastKnownFileType = text.plist.xml; path = Info.plist; sourceTree = "<group>"; };
		AEBC6FBC1E0DD217008BF2A0 /* MyTableViewcontrollerTableViewController.swift */ = {isa = PBXFileReference; fileEncoding = 4; lastKnownFileType = sourcecode.swift; path = MyTableViewcontrollerTableViewController.swift; sourceTree = "<group>"; };
		AEBC6FBE1E0DD2C7008BF2A0 /* MyTableViewCell.swift */ = {isa = PBXFileReference; fileEncoding = 4; lastKnownFileType = sourcecode.swift; path = MyTableViewCell.swift; sourceTree = "<group>"; };
		AEBC6FC01E0DD4CD008BF2A0 /* UITableView+indexPathForView.swift */ = {isa = PBXFileReference; fileEncoding = 4; lastKnownFileType = sourcecode.swift; path = "UITableView+indexPathForView.swift"; sourceTree = "<group>"; };
/* End PBXFileReference section */

/* Begin PBXFrameworksBuildPhase section */
		AEBC6FA41E0DD142008BF2A0 /* Frameworks */ = {
			isa = PBXFrameworksBuildPhase;
			buildActionMask = 2147483647;
			files = (
			);
			runOnlyForDeploymentPostprocessing = 0;
		};
/* End PBXFrameworksBuildPhase section */

/* Begin PBXGroup section */
		AEBC6F9E1E0DD142008BF2A0 = {
			isa = PBXGroup;
			children = (
				AEBC6FA91E0DD143008BF2A0 /* TableViewExtension */,
				AEBC6FA81E0DD143008BF2A0 /* Products */,
			);
			sourceTree = "<group>";
		};
		AEBC6FA81E0DD143008BF2A0 /* Products */ = {
			isa = PBXGroup;
			children = (
				AEBC6FA71E0DD143008BF2A0 /* TableViewExtension.app */,
			);
			name = Products;
			sourceTree = "<group>";
		};
		AEBC6FA91E0DD143008BF2A0 /* TableViewExtension */ = {
			isa = PBXGroup;
			children = (
				AEBC6FAA1E0DD143008BF2A0 /* AppDelegate.swift */,
				AEBC6FAC1E0DD143008BF2A0 /* ViewController.swift */,
				AEBC6FBC1E0DD217008BF2A0 /* MyTableViewcontrollerTableViewController.swift */,
				AEBC6FBE1E0DD2C7008BF2A0 /* MyTableViewCell.swift */,
				AEBC6FAE1E0DD143008BF2A0 /* Main.storyboard */,
				AEBC6FB11E0DD143008BF2A0 /* Assets.xcassets */,
				AEBC6FB31E0DD143008BF2A0 /* LaunchScreen.storyboard */,
				AEBC6FB61E0DD143008BF2A0 /* Info.plist */,
				AEBC6FC01E0DD4CD008BF2A0 /* UITableView+indexPathForView.swift */,
			);
			path = TableViewExtension;
			sourceTree = "<group>";
		};
/* End PBXGroup section */

/* Begin PBXNativeTarget section */
		AEBC6FA61E0DD142008BF2A0 /* TableViewExtension */ = {
			isa = PBXNativeTarget;
			buildConfigurationList = AEBC6FB91E0DD143008BF2A0 /* Build configuration list for PBXNativeTarget "TableViewExtension" */;
			buildPhases = (
				AEBC6FA31E0DD142008BF2A0 /* Sources */,
				AEBC6FA41E0DD142008BF2A0 /* Frameworks */,
				AEBC6FA51E0DD142008BF2A0 /* Resources */,
			);
			buildRules = (
			);
			dependencies = (
			);
			name = TableViewExtension;
			productName = TableViewExtension;
			productReference = AEBC6FA71E0DD143008BF2A0 /* TableViewExtension.app */;
			productType = "com.apple.product-type.application";
		};
/* End PBXNativeTarget section */

/* Begin PBXProject section */
		AEBC6F9F1E0DD142008BF2A0 /* Project object */ = {
			isa = PBXProject;
			attributes = {
				LastSwiftUpdateCheck = 0820;
				LastUpgradeCheck = 0820;
				ORGANIZATIONNAME = "Duncan Champney";
				TargetAttributes = {
					AEBC6FA61E0DD142008BF2A0 = {
						CreatedOnToolsVersion = 8.2.1;
						ProvisioningStyle = Automatic;
					};
				};
			};
			buildConfigurationList = AEBC6FA21E0DD142008BF2A0 /* Build configuration list for PBXProject "TableViewExtension" */;
			compatibilityVersion = "Xcode 3.2";
			developmentRegion = English;
			hasScannedForEncodings = 0;
			knownRegions = (
				en,
				Base,
			);
			mainGroup = AEBC6F9E1E0DD142008BF2A0;
			productRefGroup = AEBC6FA81E0DD143008BF2A0 /* Products */;
			projectDirPath = "";
			projectRoot = "";
			targets = (
				AEBC6FA61E0DD142008BF2A0 /* TableViewExtension */,
			);
		};
/* End PBXProject section */

/* Begin PBXResourcesBuildPhase section */
		AEBC6FA51E0DD142008BF2A0 /* Resources */ = {
			isa = PBXResourcesBuildPhase;
			buildActionMask = 2147483647;
			files = (
				AEBC6FB51E0DD143008BF2A0 /* LaunchScreen.storyboard in Resources */,
				AEBC6FB21E0DD143008BF2A0 /* Assets.xcassets in Resources */,
				AEBC6FB01E0DD143008BF2A0 /* Main.storyboard in Resources */,
			);
			runOnlyForDeploymentPostprocessing = 0;
		};
/* End PBXResourcesBuildPhase section */

/* Begin PBXSourcesBuildPhase section */
		AEBC6FA31E0DD142008BF2A0 /* Sources */ = {
			isa = PBXSourcesBuildPhase;
			buildActionMask = 2147483647;
			files = (
				AEBC6FC11E0DD4CD008BF2A0 /* UITableView+indexPathForView.swift in Sources */,
				AEBC6FBD1E0DD217008BF2A0 /* MyTableViewcontrollerTableViewController.swift in Sources */,
				AEBC6FBF1E0DD2C7008BF2A0 /* MyTableViewCell.swift in Sources */,
				AEBC6FAD1E0DD143008BF2A0 /* ViewController.swift in Sources */,
				AEBC6FAB1E0DD143008BF2A0 /* AppDelegate.swift in Sources */,
			);
			runOnlyForDeploymentPostprocessing = 0;
		};
/* End PBXSourcesBuildPhase section */

/* Begin PBXVariantGroup section */
		AEBC6FAE1E0DD143008BF2A0 /* Main.storyboard */ = {
			isa = PBXVariantGroup;
			children = (
				AEBC6FAF1E0DD143008BF2A0 /* Base */,
			);
			name = Main.storyboard;
			sourceTree = "<group>";
		};
		AEBC6FB31E0DD143008BF2A0 /* LaunchScreen.storyboard */ = {
			isa = PBXVariantGroup;
			children = (
				AEBC6FB41E0DD143008BF2A0 /* Base */,
			);
			name = LaunchScreen.storyboard;
			sourceTree = "<group>";
		};
/* End PBXVariantGroup section */

/* Begin XCBuildConfiguration section */
		AEBC6FB71E0DD143008BF2A0 /* Debug */ = {
			isa = XCBuildConfiguration;
			buildSettings = {
				ALWAYS_SEARCH_USER_PATHS = NO;
				CLANG_ANALYZER_NONNULL = YES;
				CLANG_CXX_LANGUAGE_STANDARD = "gnu++0x";
				CLANG_CXX_LIBRARY = "libc++";
				CLANG_ENABLE_MODULES = YES;
				CLANG_ENABLE_OBJC_ARC = YES;
				CLANG_WARN_BOOL_CONVERSION = YES;
				CLANG_WARN_CONSTANT_CONVERSION = YES;
				CLANG_WARN_DIRECT_OBJC_ISA_USAGE = YES_ERROR;
				CLANG_WARN_DOCUMENTATION_COMMENTS = YES;
				CLANG_WARN_EMPTY_BODY = YES;
				CLANG_WARN_ENUM_CONVERSION = YES;
				CLANG_WARN_INFINITE_RECURSION = YES;
				CLANG_WARN_INT_CONVERSION = YES;
				CLANG_WARN_OBJC_ROOT_CLASS = YES_ERROR;
				CLANG_WARN_SUSPICIOUS_MOVE = YES;
				CLANG_WARN_UNREACHABLE_CODE = YES;
				CLANG_WARN__DUPLICATE_METHOD_MATCH = YES;
				"CODE_SIGN_IDENTITY[sdk=iphoneos*]" = "iPhone Developer";
				COPY_PHASE_STRIP = NO;
				DEBUG_INFORMATION_FORMAT = dwarf;
				ENABLE_STRICT_OBJC_MSGSEND = YES;
				ENABLE_TESTABILITY = YES;
				GCC_C_LANGUAGE_STANDARD = gnu99;
				GCC_DYNAMIC_NO_PIC = NO;
				GCC_NO_COMMON_BLOCKS = YES;
				GCC_OPTIMIZATION_LEVEL = 0;
				GCC_PREPROCESSOR_DEFINITIONS = (
					"DEBUG=1",
					"$(inherited)",
				);
				GCC_WARN_64_TO_32_BIT_CONVERSION = YES;
				GCC_WARN_ABOUT_RETURN_TYPE = YES_ERROR;
				GCC_WARN_UNDECLARED_SELECTOR = YES;
				GCC_WARN_UNINITIALIZED_AUTOS = YES_AGGRESSIVE;
				GCC_WARN_UNUSED_FUNCTION = YES;
				GCC_WARN_UNUSED_VARIABLE = YES;
				IPHONEOS_DEPLOYMENT_TARGET = 10.2;
				MTL_ENABLE_DEBUG_INFO = YES;
				ONLY_ACTIVE_ARCH = YES;
				SDKROOT = iphoneos;
				SWIFT_ACTIVE_COMPILATION_CONDITIONS = DEBUG;
				SWIFT_OPTIMIZATION_LEVEL = "-Onone";
			};
			name = Debug;
		};
		AEBC6FB81E0DD143008BF2A0 /* Release */ = {
			isa = XCBuildConfiguration;
			buildSettings = {
				ALWAYS_SEARCH_USER_PATHS = NO;
				CLANG_ANALYZER_NONNULL = YES;
				CLANG_CXX_LANGUAGE_STANDARD = "gnu++0x";
				CLANG_CXX_LIBRARY = "libc++";
				CLANG_ENABLE_MODULES = YES;
				CLANG_ENABLE_OBJC_ARC = YES;
				CLANG_WARN_BOOL_CONVERSION = YES;
				CLANG_WARN_CONSTANT_CONVERSION = YES;
				CLANG_WARN_DIRECT_OBJC_ISA_USAGE = YES_ERROR;
				CLANG_WARN_DOCUMENTATION_COMMENTS = YES;
				CLANG_WARN_EMPTY_BODY = YES;
				CLANG_WARN_ENUM_CONVERSION = YES;
				CLANG_WARN_INFINITE_RECURSION = YES;
				CLANG_WARN_INT_CONVERSION = YES;
				CLANG_WARN_OBJC_ROOT_CLASS = YES_ERROR;
				CLANG_WARN_SUSPICIOUS_MOVE = YES;
				CLANG_WARN_UNREACHABLE_CODE = YES;
				CLANG_WARN__DUPLICATE_METHOD_MATCH = YES;
				"CODE_SIGN_IDENTITY[sdk=iphoneos*]" = "iPhone Developer";
				COPY_PHASE_STRIP = NO;
				DEBUG_INFORMATION_FORMAT = "dwarf-with-dsym";
				ENABLE_NS_ASSERTIONS = NO;
				ENABLE_STRICT_OBJC_MSGSEND = YES;
				GCC_C_LANGUAGE_STANDARD = gnu99;
				GCC_NO_COMMON_BLOCKS = YES;
				GCC_WARN_64_TO_32_BIT_CONVERSION = YES;
				GCC_WARN_ABOUT_RETURN_TYPE = YES_ERROR;
				GCC_WARN_UNDECLARED_SELECTOR = YES;
				GCC_WARN_UNINITIALIZED_AUTOS = YES_AGGRESSIVE;
				GCC_WARN_UNUSED_FUNCTION = YES;
				GCC_WARN_UNUSED_VARIABLE = YES;
				IPHONEOS_DEPLOYMENT_TARGET = 10.2;
				MTL_ENABLE_DEBUG_INFO = NO;
				SDKROOT = iphoneos;
				SWIFT_OPTIMIZATION_LEVEL = "-Owholemodule";
				VALIDATE_PRODUCT = YES;
			};
			name = Release;
		};
		AEBC6FBA1E0DD143008BF2A0 /* Debug */ = {
			isa = XCBuildConfiguration;
			buildSettings = {
				ASSETCATALOG_COMPILER_APPICON_NAME = AppIcon;
				INFOPLIST_FILE = TableViewExtension/Info.plist;
				LD_RUNPATH_SEARCH_PATHS = "$(inherited) @executable_path/Frameworks";
				PRODUCT_BUNDLE_IDENTIFIER = com.wareto.TableViewExtension;
				PRODUCT_NAME = "$(TARGET_NAME)";
				SWIFT_VERSION = 3.0;
			};
			name = Debug;
		};
		AEBC6FBB1E0DD143008BF2A0 /* Release */ = {
			isa = XCBuildConfiguration;
			buildSettings = {
				ASSETCATALOG_COMPILER_APPICON_NAME = AppIcon;
				INFOPLIST_FILE = TableViewExtension/Info.plist;
				LD_RUNPATH_SEARCH_PATHS = "$(inherited) @executable_path/Frameworks";
				PRODUCT_BUNDLE_IDENTIFIER = com.wareto.TableViewExtension;
				PRODUCT_NAME = "$(TARGET_NAME)";
				SWIFT_VERSION = 3.0;
			};
			name = Release;
		};
/* End XCBuildConfiguration section */

/* Begin XCConfigurationList section */
		AEBC6FA21E0DD142008BF2A0 /* Build configuration list for PBXProject "TableViewExtension" */ = {
			isa = XCConfigurationList;
			buildConfigurations = (
				AEBC6FB71E0DD143008BF2A0 /* Debug */,
				AEBC6FB81E0DD143008BF2A0 /* Release */,
			);
			defaultConfigurationIsVisible = 0;
			defaultConfigurationName = Release;
		};
		AEBC6FB91E0DD143008BF2A0 /* Build configuration list for PBXNativeTarget "TableViewExtension" */ = {
			isa = XCConfigurationList;
			buildConfigurations = (
				AEBC6FBA1E0DD143008BF2A0 /* Debug */,
				AEBC6FBB1E0DD143008BF2A0 /* Release */,
			);
			defaultConfigurationIsVisible = 0;
		};
/* End XCConfigurationList section */
	};
	rootObject = AEBC6F9F1E0DD142008BF2A0 /* Project object */;
}
